
Microsoft Visual Studio Solution File, Format Version 12.00
# Visual Studio Version 17
VisualStudioVersion = 17.8.34330.188
MinimumVisualStudioVersion = 10.0.40219.1
Project("{FAE04EC0-301F-11D3-BF4B-00C04F79EFBC}") = "SmartSchool", "SmartSchool\SmartSchool.csproj", "{894CCF1F-69A1-4EDC-858F-CD3A547B1ECE}"
EndProject
Global
	GlobalSection(SolutionConfigurationPlatforms) = preSolution
		Debug|Any CPU = Debug|Any CPU
		Release|Any CPU = Release|Any CPU
	EndGlobalSection
	GlobalSection(ProjectConfigurationPlatforms) = postSolution
		{894CCF1F-69A1-4EDC-858F-CD3A547B1ECE}.Debug|Any CPU.ActiveCfg = Debug|Any CPU
		{894CCF1F-69A1-4EDC-858F-CD3A547B1ECE}.Debug|Any CPU.Build.0 = Debug|Any CPU
		{894CCF1F-69A1-4EDC-858F-CD3A547B1ECE}.Release|Any CPU.ActiveCfg = Release|Any CPU
		{894CCF1F-69A1-4EDC-858F-CD3A547B1ECE}.Release|Any CPU.Build.0 = Release|Any CPU
	EndGlobalSection
	GlobalSection(SolutionProperties) = preSolution
		HideSolutionNode = FALSE
	EndGlobalSection
	GlobalSection(ExtensibilityGlobals) = postSolution
		SolutionGuid = {0F2384E0-C3D7-41A6-9C0F-FD929FCB0725}
	EndGlobalSection
EndGlobal
